// !$*UTF8*$!
{
	archiveVersion = 1;
	classes = {
	};
	objectVersion = 46;
	objects = {

/* Begin PBXBuildFile section */
		69010DFB1D8EDF2700DABA9F /* DetailViewControllerTests.swift in Sources */ = {isa = PBXBuildFile; fileRef = 69010DFA1D8EDF2700DABA9F /* DetailViewControllerTests.swift */; };
		69010DFD1D8EDF9200DABA9F /* DetailViewController.swift in Sources */ = {isa = PBXBuildFile; fileRef = 69010DFC1D8EDF9200DABA9F /* DetailViewController.swift */; };
		69010E001D8EE17B00DABA9F /* MapKit.framework in Frameworks */ = {isa = PBXBuildFile; fileRef = 69010DFF1D8EE17B00DABA9F /* MapKit.framework */; };
		69010E021D8F001000DABA9F /* InputViewControllerTests.swift in Sources */ = {isa = PBXBuildFile; fileRef = 69010E011D8F001000DABA9F /* InputViewControllerTests.swift */; };
		69010E041D8F005F00DABA9F /* InputViewController.swift in Sources */ = {isa = PBXBuildFile; fileRef = 69010E031D8F005F00DABA9F /* InputViewController.swift */; };
		690225BF1D8DC42E009235BE /* ItemCellTestss.swift in Sources */ = {isa = PBXBuildFile; fileRef = 690225BE1D8DC42E009235BE /* ItemCellTestss.swift */; };
		693F1C3F1D91976500ABB3B9 /* KeychainAccessible.swift in Sources */ = {isa = PBXBuildFile; fileRef = 693F1C3E1D91976500ABB3B9 /* KeychainAccessible.swift */; };
		693F1C411D926F1200ABB3B9 /* StoryboardTests.swift in Sources */ = {isa = PBXBuildFile; fileRef = 693F1C401D926F1200ABB3B9 /* StoryboardTests.swift */; };
		6950CBD71D8BFE4D00CE9B41 /* AppDelegate.swift in Sources */ = {isa = PBXBuildFile; fileRef = 6950CBD61D8BFE4D00CE9B41 /* AppDelegate.swift */; };
		6950CBDC1D8BFE4D00CE9B41 /* Main.storyboard in Resources */ = {isa = PBXBuildFile; fileRef = 6950CBDA1D8BFE4D00CE9B41 /* Main.storyboard */; };
		6950CBDE1D8BFE4D00CE9B41 /* Assets.xcassets in Resources */ = {isa = PBXBuildFile; fileRef = 6950CBDD1D8BFE4D00CE9B41 /* Assets.xcassets */; };
		6950CBE11D8BFE4D00CE9B41 /* LaunchScreen.storyboard in Resources */ = {isa = PBXBuildFile; fileRef = 6950CBDF1D8BFE4D00CE9B41 /* LaunchScreen.storyboard */; };
		6950CBF71D8C347A00CE9B41 /* ToDoItemTests.swift in Sources */ = {isa = PBXBuildFile; fileRef = 6950CBF61D8C347A00CE9B41 /* ToDoItemTests.swift */; };
		6950CBF91D8C356C00CE9B41 /* ToDoItem.swift in Sources */ = {isa = PBXBuildFile; fileRef = 6950CBF81D8C356C00CE9B41 /* ToDoItem.swift */; };
		6950CBFC1D8C435800CE9B41 /* Location.swift in Sources */ = {isa = PBXBuildFile; fileRef = 6950CBFB1D8C435800CE9B41 /* Location.swift */; };
		6950CBFE1D8C44BD00CE9B41 /* LocationTests.swift in Sources */ = {isa = PBXBuildFile; fileRef = 6950CBFD1D8C44BD00CE9B41 /* LocationTests.swift */; };
		6950CC001D8C4B1600CE9B41 /* ItemManagerTests.swift in Sources */ = {isa = PBXBuildFile; fileRef = 6950CBFF1D8C4B1600CE9B41 /* ItemManagerTests.swift */; };
		6950CC021D8C4B8900CE9B41 /* ItemManager.swift in Sources */ = {isa = PBXBuildFile; fileRef = 6950CC011D8C4B8900CE9B41 /* ItemManager.swift */; };
		6950CC051D8C6EE200CE9B41 /* ItemListViewControllerTests.swift in Sources */ = {isa = PBXBuildFile; fileRef = 6950CC041D8C6EE200CE9B41 /* ItemListViewControllerTests.swift */; };
		6950CC071D8C6F6800CE9B41 /* ItemListViewController.swift in Sources */ = {isa = PBXBuildFile; fileRef = 6950CC061D8C6F6800CE9B41 /* ItemListViewController.swift */; };
		6950CC0A1D8C736C00CE9B41 /* ItemListDataProvider.swift in Sources */ = {isa = PBXBuildFile; fileRef = 6950CC091D8C736C00CE9B41 /* ItemListDataProvider.swift */; };
		6950CC0C1D8C77BB00CE9B41 /* ItemListDataProviderTests.swift in Sources */ = {isa = PBXBuildFile; fileRef = 6950CC0B1D8C77BB00CE9B41 /* ItemListDataProviderTests.swift */; };
		6950CC0E1D8C7F2C00CE9B41 /* ItemCell.swift in Sources */ = {isa = PBXBuildFile; fileRef = 6950CC0D1D8C7F2C00CE9B41 /* ItemCell.swift */; };
		6965863B1D913C1E007411A3 /* APIClientTests.swift in Sources */ = {isa = PBXBuildFile; fileRef = 6965863A1D913C1E007411A3 /* APIClientTests.swift */; };
		6965863D1D913C79007411A3 /* APIClient.swift in Sources */ = {isa = PBXBuildFile; fileRef = 6965863C1D913C79007411A3 /* APIClient.swift */; };
		69C544831D93F0CF001C4D5C /* TODOListInTDDUITests.swift in Sources */ = {isa = PBXBuildFile; fileRef = 69C544821D93F0CF001C4D5C /* TODOListInTDDUITests.swift */; };
/* End PBXBuildFile section */

/* Begin PBXContainerItemProxy section */
		6950CBE81D8BFE4D00CE9B41 /* PBXContainerItemProxy */ = {
			isa = PBXContainerItemProxy;
			containerPortal = 6950CBCB1D8BFE4D00CE9B41 /* Project object */;
			proxyType = 1;
			remoteGlobalIDString = 6950CBD21D8BFE4D00CE9B41;
			remoteInfo = TODOListInTDD;
		};
		69C544851D93F0CF001C4D5C /* PBXContainerItemProxy */ = {
			isa = PBXContainerItemProxy;
			containerPortal = 6950CBCB1D8BFE4D00CE9B41 /* Project object */;
			proxyType = 1;
			remoteGlobalIDString = 6950CBD21D8BFE4D00CE9B41;
			remoteInfo = TODOListInTDD;
		};
/* End PBXContainerItemProxy section */

/* Begin PBXFileReference section */
		69010DFA1D8EDF2700DABA9F /* DetailViewControllerTests.swift */ = {isa = PBXFileReference; fileEncoding = 4; lastKnownFileType = sourcecode.swift; name = DetailViewControllerTests.swift; path = TODOListInTDD/Controller/DetailViewControllerTests.swift; sourceTree = SOURCE_ROOT; };
		69010DFC1D8EDF9200DABA9F /* DetailViewController.swift */ = {isa = PBXFileReference; fileEncoding = 4; lastKnownFileType = sourcecode.swift; name = DetailViewController.swift; path = Controller/DetailViewController.swift; sourceTree = "<group>"; };
		69010DFF1D8EE17B00DABA9F /* MapKit.framework */ = {isa = PBXFileReference; lastKnownFileType = wrapper.framework; name = MapKit.framework; path = System/Library/Frameworks/MapKit.framework; sourceTree = SDKROOT; };
		69010E011D8F001000DABA9F /* InputViewControllerTests.swift */ = {isa = PBXFileReference; fileEncoding = 4; lastKnownFileType = sourcecode.swift; name = InputViewControllerTests.swift; path = TODOListInTDD/Controller/InputViewControllerTests.swift; sourceTree = SOURCE_ROOT; };
		69010E031D8F005F00DABA9F /* InputViewController.swift */ = {isa = PBXFileReference; fileEncoding = 4; lastKnownFileType = sourcecode.swift; name = InputViewController.swift; path = Controller/InputViewController.swift; sourceTree = "<group>"; };
		690225BE1D8DC42E009235BE /* ItemCellTestss.swift */ = {isa = PBXFileReference; fileEncoding = 4; lastKnownFileType = sourcecode.swift; name = ItemCellTestss.swift; path = TODOListInTDD/Controller/ItemCellTestss.swift; sourceTree = SOURCE_ROOT; };
		693F1C3E1D91976500ABB3B9 /* KeychainAccessible.swift */ = {isa = PBXFileReference; fileEncoding = 4; lastKnownFileType = sourcecode.swift; path = KeychainAccessible.swift; sourceTree = "<group>"; };
		693F1C401D926F1200ABB3B9 /* StoryboardTests.swift */ = {isa = PBXFileReference; fileEncoding = 4; lastKnownFileType = sourcecode.swift; path = StoryboardTests.swift; sourceTree = "<group>"; };
		6950CBD31D8BFE4D00CE9B41 /* TODOListInTDD.app */ = {isa = PBXFileReference; explicitFileType = wrapper.application; includeInIndex = 0; path = TODOListInTDD.app; sourceTree = BUILT_PRODUCTS_DIR; };
		6950CBD61D8BFE4D00CE9B41 /* AppDelegate.swift */ = {isa = PBXFileReference; lastKnownFileType = sourcecode.swift; path = AppDelegate.swift; sourceTree = "<group>"; };
		6950CBDB1D8BFE4D00CE9B41 /* Base */ = {isa = PBXFileReference; lastKnownFileType = file.storyboard; name = Base; path = Base.lproj/Main.storyboard; sourceTree = "<group>"; };
		6950CBDD1D8BFE4D00CE9B41 /* Assets.xcassets */ = {isa = PBXFileReference; lastKnownFileType = folder.assetcatalog; path = Assets.xcassets; sourceTree = "<group>"; };
		6950CBE01D8BFE4D00CE9B41 /* Base */ = {isa = PBXFileReference; lastKnownFileType = file.storyboard; name = Base; path = Base.lproj/LaunchScreen.storyboard; sourceTree = "<group>"; };
		6950CBE21D8BFE4D00CE9B41 /* Info.plist */ = {isa = PBXFileReference; lastKnownFileType = text.plist.xml; path = Info.plist; sourceTree = "<group>"; };
		6950CBE71D8BFE4D00CE9B41 /* TODOListInTDDTests.xctest */ = {isa = PBXFileReference; explicitFileType = wrapper.cfbundle; includeInIndex = 0; path = TODOListInTDDTests.xctest; sourceTree = BUILT_PRODUCTS_DIR; };
		6950CBED1D8BFE4D00CE9B41 /* Info.plist */ = {isa = PBXFileReference; lastKnownFileType = text.plist.xml; path = Info.plist; sourceTree = "<group>"; };
		6950CBF61D8C347A00CE9B41 /* ToDoItemTests.swift */ = {isa = PBXFileReference; fileEncoding = 4; lastKnownFileType = sourcecode.swift; name = ToDoItemTests.swift; path = ../TODOListInTDD/ToDoItemTests.swift; sourceTree = "<group>"; };
		6950CBF81D8C356C00CE9B41 /* ToDoItem.swift */ = {isa = PBXFileReference; fileEncoding = 4; lastKnownFileType = sourcecode.swift; name = ToDoItem.swift; path = Model/ToDoItem.swift; sourceTree = "<group>"; };
		6950CBFB1D8C435800CE9B41 /* Location.swift */ = {isa = PBXFileReference; fileEncoding = 4; lastKnownFileType = sourcecode.swift; name = Location.swift; path = Model/Location.swift; sourceTree = "<group>"; };
		6950CBFD1D8C44BD00CE9B41 /* LocationTests.swift */ = {isa = PBXFileReference; fileEncoding = 4; lastKnownFileType = sourcecode.swift; name = LocationTests.swift; path = TODOListInTDD/Model/LocationTests.swift; sourceTree = SOURCE_ROOT; };
		6950CBFF1D8C4B1600CE9B41 /* ItemManagerTests.swift */ = {isa = PBXFileReference; fileEncoding = 4; lastKnownFileType = sourcecode.swift; name = ItemManagerTests.swift; path = TODOListInTDD/Model/ItemManagerTests.swift; sourceTree = SOURCE_ROOT; };
		6950CC011D8C4B8900CE9B41 /* ItemManager.swift */ = {isa = PBXFileReference; fileEncoding = 4; lastKnownFileType = sourcecode.swift; name = ItemManager.swift; path = Model/ItemManager.swift; sourceTree = "<group>"; };
		6950CC041D8C6EE200CE9B41 /* ItemListViewControllerTests.swift */ = {isa = PBXFileReference; fileEncoding = 4; lastKnownFileType = sourcecode.swift; name = ItemListViewControllerTests.swift; path = TODOListInTDD/Controller/ItemListViewControllerTests.swift; sourceTree = SOURCE_ROOT; };
		6950CC061D8C6F6800CE9B41 /* ItemListViewController.swift */ = {isa = PBXFileReference; fileEncoding = 4; lastKnownFileType = sourcecode.swift; name = ItemListViewController.swift; path = Controller/ItemListViewController.swift; sourceTree = "<group>"; };
		6950CC091D8C736C00CE9B41 /* ItemListDataProvider.swift */ = {isa = PBXFileReference; fileEncoding = 4; lastKnownFileType = sourcecode.swift; name = ItemListDataProvider.swift; path = Controller/ItemListDataProvider.swift; sourceTree = "<group>"; };
		6950CC0B1D8C77BB00CE9B41 /* ItemListDataProviderTests.swift */ = {isa = PBXFileReference; fileEncoding = 4; lastKnownFileType = sourcecode.swift; name = ItemListDataProviderTests.swift; path = TODOListInTDD/Controller/ItemListDataProviderTests.swift; sourceTree = SOURCE_ROOT; };
		6950CC0D1D8C7F2C00CE9B41 /* ItemCell.swift */ = {isa = PBXFileReference; fileEncoding = 4; lastKnownFileType = sourcecode.swift; name = ItemCell.swift; path = Controller/ItemCell.swift; sourceTree = "<group>"; };
		6965863A1D913C1E007411A3 /* APIClientTests.swift */ = {isa = PBXFileReference; fileEncoding = 4; lastKnownFileType = sourcecode.swift; path = APIClientTests.swift; sourceTree = "<group>"; };
		6965863C1D913C79007411A3 /* APIClient.swift */ = {isa = PBXFileReference; fileEncoding = 4; lastKnownFileType = sourcecode.swift; path = APIClient.swift; sourceTree = "<group>"; };
		69C544801D93F0CF001C4D5C /* TODOListInTDDUITests.xctest */ = {isa = PBXFileReference; explicitFileType = wrapper.cfbundle; includeInIndex = 0; path = TODOListInTDDUITests.xctest; sourceTree = BUILT_PRODUCTS_DIR; };
		69C544821D93F0CF001C4D5C /* TODOListInTDDUITests.swift */ = {isa = PBXFileReference; lastKnownFileType = sourcecode.swift; path = TODOListInTDDUITests.swift; sourceTree = "<group>"; };
		69C544841D93F0CF001C4D5C /* Info.plist */ = {isa = PBXFileReference; lastKnownFileType = text.plist.xml; path = Info.plist; sourceTree = "<group>"; };
/* End PBXFileReference section */

/* Begin PBXFrameworksBuildPhase section */
		6950CBD01D8BFE4D00CE9B41 /* Frameworks */ = {
			isa = PBXFrameworksBuildPhase;
			buildActionMask = 2147483647;
			files = (
				69010E001D8EE17B00DABA9F /* MapKit.framework in Frameworks */,
			);
			runOnlyForDeploymentPostprocessing = 0;
		};
		6950CBE41D8BFE4D00CE9B41 /* Frameworks */ = {
			isa = PBXFrameworksBuildPhase;
			buildActionMask = 2147483647;
			files = (
			);
			runOnlyForDeploymentPostprocessing = 0;
		};
		69C5447D1D93F0CF001C4D5C /* Frameworks */ = {
			isa = PBXFrameworksBuildPhase;
			buildActionMask = 2147483647;
			files = (
			);
			runOnlyForDeploymentPostprocessing = 0;
		};
/* End PBXFrameworksBuildPhase section */

/* Begin PBXGroup section */
		69010DFE1D8EDF9C00DABA9F /* Controller */ = {
			isa = PBXGroup;
			children = (
				6950CC041D8C6EE200CE9B41 /* ItemListViewControllerTests.swift */,
				6950CC0B1D8C77BB00CE9B41 /* ItemListDataProviderTests.swift */,
				690225BE1D8DC42E009235BE /* ItemCellTestss.swift */,
				69010DFA1D8EDF2700DABA9F /* DetailViewControllerTests.swift */,
				69010E011D8F001000DABA9F /* InputViewControllerTests.swift */,
			);
			name = Controller;
			sourceTree = "<group>";
		};
		6950CBCA1D8BFE4D00CE9B41 = {
			isa = PBXGroup;
			children = (
				69010DFF1D8EE17B00DABA9F /* MapKit.framework */,
				6950CBD51D8BFE4D00CE9B41 /* TODOListInTDD */,
				6950CBEA1D8BFE4D00CE9B41 /* TODOListInTDDTests */,
				69C544811D93F0CF001C4D5C /* TODOListInTDDUITests */,
				6950CBD41D8BFE4D00CE9B41 /* Products */,
			);
			sourceTree = "<group>";
		};
		6950CBD41D8BFE4D00CE9B41 /* Products */ = {
			isa = PBXGroup;
			children = (
				6950CBD31D8BFE4D00CE9B41 /* TODOListInTDD.app */,
				6950CBE71D8BFE4D00CE9B41 /* TODOListInTDDTests.xctest */,
				69C544801D93F0CF001C4D5C /* TODOListInTDDUITests.xctest */,
			);
			name = Products;
			sourceTree = "<group>";
		};
		6950CBD51D8BFE4D00CE9B41 /* TODOListInTDD */ = {
			isa = PBXGroup;
			children = (
				6950CBD61D8BFE4D00CE9B41 /* AppDelegate.swift */,
				6950CBFA1D8C357600CE9B41 /* Model */,
				6950CBDA1D8BFE4D00CE9B41 /* Main.storyboard */,
				6950CBDD1D8BFE4D00CE9B41 /* Assets.xcassets */,
				6950CBDF1D8BFE4D00CE9B41 /* LaunchScreen.storyboard */,
				6950CBE21D8BFE4D00CE9B41 /* Info.plist */,
				6950CC081D8C713600CE9B41 /* Controller */,
				693F1C3E1D91976500ABB3B9 /* KeychainAccessible.swift */,
			);
			path = TODOListInTDD;
			sourceTree = "<group>";
		};
		6950CBEA1D8BFE4D00CE9B41 /* TODOListInTDDTests */ = {
			isa = PBXGroup;
			children = (
				6950CC031D8C6E9100CE9B41 /* Model */,
				6950CBED1D8BFE4D00CE9B41 /* Info.plist */,
				6965863A1D913C1E007411A3 /* APIClientTests.swift */,
				69010DFE1D8EDF9C00DABA9F /* Controller */,
				693F1C401D926F1200ABB3B9 /* StoryboardTests.swift */,
			);
			path = TODOListInTDDTests;
			sourceTree = "<group>";
		};
		6950CBFA1D8C357600CE9B41 /* Model */ = {
			isa = PBXGroup;
			children = (
				6950CBF81D8C356C00CE9B41 /* ToDoItem.swift */,
				6950CBFB1D8C435800CE9B41 /* Location.swift */,
				6950CC011D8C4B8900CE9B41 /* ItemManager.swift */,
			);
			name = Model;
			sourceTree = "<group>";
		};
		6950CC031D8C6E9100CE9B41 /* Model */ = {
			isa = PBXGroup;
			children = (
				6950CBF61D8C347A00CE9B41 /* ToDoItemTests.swift */,
				6950CBFD1D8C44BD00CE9B41 /* LocationTests.swift */,
				6950CBFF1D8C4B1600CE9B41 /* ItemManagerTests.swift */,
			);
			name = Model;
			sourceTree = "<group>";
		};
		6950CC081D8C713600CE9B41 /* Controller */ = {
			isa = PBXGroup;
			children = (
				6950CC061D8C6F6800CE9B41 /* ItemListViewController.swift */,
				6950CC091D8C736C00CE9B41 /* ItemListDataProvider.swift */,
				6950CC0D1D8C7F2C00CE9B41 /* ItemCell.swift */,
				69010DFC1D8EDF9200DABA9F /* DetailViewController.swift */,
				69010E031D8F005F00DABA9F /* InputViewController.swift */,
				6965863C1D913C79007411A3 /* APIClient.swift */,
			);
			name = Controller;
			sourceTree = "<group>";
		};
		69C544811D93F0CF001C4D5C /* TODOListInTDDUITests */ = {
			isa = PBXGroup;
			children = (
				69C544821D93F0CF001C4D5C /* TODOListInTDDUITests.swift */,
				69C544841D93F0CF001C4D5C /* Info.plist */,
			);
			path = TODOListInTDDUITests;
			sourceTree = "<group>";
		};
/* End PBXGroup section */

/* Begin PBXNativeTarget section */
		6950CBD21D8BFE4D00CE9B41 /* TODOListInTDD */ = {
			isa = PBXNativeTarget;
			buildConfigurationList = 6950CBF01D8BFE4D00CE9B41 /* Build configuration list for PBXNativeTarget "TODOListInTDD" */;
			buildPhases = (
				6950CBCF1D8BFE4D00CE9B41 /* Sources */,
				6950CBD01D8BFE4D00CE9B41 /* Frameworks */,
				6950CBD11D8BFE4D00CE9B41 /* Resources */,
			);
			buildRules = (
			);
			dependencies = (
			);
			name = TODOListInTDD;
			productName = TODOListInTDD;
			productReference = 6950CBD31D8BFE4D00CE9B41 /* TODOListInTDD.app */;
			productType = "com.apple.product-type.application";
		};
		6950CBE61D8BFE4D00CE9B41 /* TODOListInTDDTests */ = {
			isa = PBXNativeTarget;
			buildConfigurationList = 6950CBF31D8BFE4D00CE9B41 /* Build configuration list for PBXNativeTarget "TODOListInTDDTests" */;
			buildPhases = (
				6950CBE31D8BFE4D00CE9B41 /* Sources */,
				6950CBE41D8BFE4D00CE9B41 /* Frameworks */,
				6950CBE51D8BFE4D00CE9B41 /* Resources */,
			);
			buildRules = (
			);
			dependencies = (
				6950CBE91D8BFE4D00CE9B41 /* PBXTargetDependency */,
			);
			name = TODOListInTDDTests;
			productName = TODOListInTDDTests;
			productReference = 6950CBE71D8BFE4D00CE9B41 /* TODOListInTDDTests.xctest */;
			productType = "com.apple.product-type.bundle.unit-test";
		};
		69C5447F1D93F0CF001C4D5C /* TODOListInTDDUITests */ = {
			isa = PBXNativeTarget;
			buildConfigurationList = 69C544891D93F0CF001C4D5C /* Build configuration list for PBXNativeTarget "TODOListInTDDUITests" */;
			buildPhases = (
				69C5447C1D93F0CF001C4D5C /* Sources */,
				69C5447D1D93F0CF001C4D5C /* Frameworks */,
				69C5447E1D93F0CF001C4D5C /* Resources */,
			);
			buildRules = (
			);
			dependencies = (
				69C544861D93F0CF001C4D5C /* PBXTargetDependency */,
			);
			name = TODOListInTDDUITests;
			productName = TODOListInTDDUITests;
			productReference = 69C544801D93F0CF001C4D5C /* TODOListInTDDUITests.xctest */;
			productType = "com.apple.product-type.bundle.ui-testing";
		};
/* End PBXNativeTarget section */

/* Begin PBXProject section */
		6950CBCB1D8BFE4D00CE9B41 /* Project object */ = {
			isa = PBXProject;
			attributes = {
				LastSwiftUpdateCheck = 0730;
				LastUpgradeCheck = 0730;
				ORGANIZATIONNAME = EthanChou;
				TargetAttributes = {
					6950CBD21D8BFE4D00CE9B41 = {
						CreatedOnToolsVersion = 7.3.1;
						DevelopmentTeam = F8NDDH4JZM;
						LastSwiftMigration = 0800;
						SystemCapabilities = {
							com.apple.Maps.iOS = {
								enabled = 1;
							};
						};
					};
					6950CBE61D8BFE4D00CE9B41 = {
						CreatedOnToolsVersion = 7.3.1;
						LastSwiftMigration = 0800;
						TestTargetID = 6950CBD21D8BFE4D00CE9B41;
					};
					69C5447F1D93F0CF001C4D5C = {
						CreatedOnToolsVersion = 7.3.1;
						LastSwiftMigration = 0800;
						TestTargetID = 6950CBD21D8BFE4D00CE9B41;
					};
				};
			};
			buildConfigurationList = 6950CBCE1D8BFE4D00CE9B41 /* Build configuration list for PBXProject "TODOListInTDD" */;
			compatibilityVersion = "Xcode 3.2";
			developmentRegion = English;
			hasScannedForEncodings = 0;
			knownRegions = (
				en,
				Base,
			);
			mainGroup = 6950CBCA1D8BFE4D00CE9B41;
			productRefGroup = 6950CBD41D8BFE4D00CE9B41 /* Products */;
			projectDirPath = "";
			projectRoot = "";
			targets = (
				6950CBD21D8BFE4D00CE9B41 /* TODOListInTDD */,
				6950CBE61D8BFE4D00CE9B41 /* TODOListInTDDTests */,
				69C5447F1D93F0CF001C4D5C /* TODOListInTDDUITests */,
			);
		};
/* End PBXProject section */

/* Begin PBXResourcesBuildPhase section */
		6950CBD11D8BFE4D00CE9B41 /* Resources */ = {
			isa = PBXResourcesBuildPhase;
			buildActionMask = 2147483647;
			files = (
				6950CBE11D8BFE4D00CE9B41 /* LaunchScreen.storyboard in Resources */,
				6950CBDE1D8BFE4D00CE9B41 /* Assets.xcassets in Resources */,
				6950CBDC1D8BFE4D00CE9B41 /* Main.storyboard in Resources */,
			);
			runOnlyForDeploymentPostprocessing = 0;
		};
		6950CBE51D8BFE4D00CE9B41 /* Resources */ = {
			isa = PBXResourcesBuildPhase;
			buildActionMask = 2147483647;
			files = (
			);
			runOnlyForDeploymentPostprocessing = 0;
		};
		69C5447E1D93F0CF001C4D5C /* Resources */ = {
			isa = PBXResourcesBuildPhase;
			buildActionMask = 2147483647;
			files = (
			);
			runOnlyForDeploymentPostprocessing = 0;
		};
/* End PBXResourcesBuildPhase section */

/* Begin PBXSourcesBuildPhase section */
		6950CBCF1D8BFE4D00CE9B41 /* Sources */ = {
			isa = PBXSourcesBuildPhase;
			buildActionMask = 2147483647;
			files = (
				69010E041D8F005F00DABA9F /* InputViewController.swift in Sources */,
				6950CC021D8C4B8900CE9B41 /* ItemManager.swift in Sources */,
				693F1C3F1D91976500ABB3B9 /* KeychainAccessible.swift in Sources */,
				6950CC0A1D8C736C00CE9B41 /* ItemListDataProvider.swift in Sources */,
				6965863D1D913C79007411A3 /* APIClient.swift in Sources */,
				6950CBD71D8BFE4D00CE9B41 /* AppDelegate.swift in Sources */,
				6950CBFC1D8C435800CE9B41 /* Location.swift in Sources */,
				6950CC0E1D8C7F2C00CE9B41 /* ItemCell.swift in Sources */,
				6950CBF91D8C356C00CE9B41 /* ToDoItem.swift in Sources */,
				6950CC071D8C6F6800CE9B41 /* ItemListViewController.swift in Sources */,
				69010DFD1D8EDF9200DABA9F /* DetailViewController.swift in Sources */,
			);
			runOnlyForDeploymentPostprocessing = 0;
		};
		6950CBE31D8BFE4D00CE9B41 /* Sources */ = {
			isa = PBXSourcesBuildPhase;
			buildActionMask = 2147483647;
			files = (
				6950CC0C1D8C77BB00CE9B41 /* ItemListDataProviderTests.swift in Sources */,
				6950CC001D8C4B1600CE9B41 /* ItemManagerTests.swift in Sources */,
				6950CBFE1D8C44BD00CE9B41 /* LocationTests.swift in Sources */,
				69010E021D8F001000DABA9F /* InputViewControllerTests.swift in Sources */,
				6950CBF71D8C347A00CE9B41 /* ToDoItemTests.swift in Sources */,
				69010DFB1D8EDF2700DABA9F /* DetailViewControllerTests.swift in Sources */,
				693F1C411D926F1200ABB3B9 /* StoryboardTests.swift in Sources */,
				6965863B1D913C1E007411A3 /* APIClientTests.swift in Sources */,
				690225BF1D8DC42E009235BE /* ItemCellTestss.swift in Sources */,
				6950CC051D8C6EE200CE9B41 /* ItemListViewControllerTests.swift in Sources */,
			);
			runOnlyForDeploymentPostprocessing = 0;
		};
		69C5447C1D93F0CF001C4D5C /* Sources */ = {
			isa = PBXSourcesBuildPhase;
			buildActionMask = 2147483647;
			files = (
				69C544831D93F0CF001C4D5C /* TODOListInTDDUITests.swift in Sources */,
			);
			runOnlyForDeploymentPostprocessing = 0;
		};
/* End PBXSourcesBuildPhase section */

/* Begin PBXTargetDependency section */
		6950CBE91D8BFE4D00CE9B41 /* PBXTargetDependency */ = {
			isa = PBXTargetDependency;
			target = 6950CBD21D8BFE4D00CE9B41 /* TODOListInTDD */;
			targetProxy = 6950CBE81D8BFE4D00CE9B41 /* PBXContainerItemProxy */;
		};
		69C544861D93F0CF001C4D5C /* PBXTargetDependency */ = {
			isa = PBXTargetDependency;
			target = 6950CBD21D8BFE4D00CE9B41 /* TODOListInTDD */;
			targetProxy = 69C544851D93F0CF001C4D5C /* PBXContainerItemProxy */;
		};
/* End PBXTargetDependency section */

/* Begin PBXVariantGroup section */
		6950CBDA1D8BFE4D00CE9B41 /* Main.storyboard */ = {
			isa = PBXVariantGroup;
			children = (
				6950CBDB1D8BFE4D00CE9B41 /* Base */,
			);
			name = Main.storyboard;
			sourceTree = "<group>";
		};
		6950CBDF1D8BFE4D00CE9B41 /* LaunchScreen.storyboard */ = {
			isa = PBXVariantGroup;
			children = (
				6950CBE01D8BFE4D00CE9B41 /* Base */,
			);
			name = LaunchScreen.storyboard;
			sourceTree = "<group>";
		};
/* End PBXVariantGroup section */

/* Begin XCBuildConfiguration section */
		6950CBEE1D8BFE4D00CE9B41 /* Debug */ = {
			isa = XCBuildConfiguration;
			buildSettings = {
				ALWAYS_SEARCH_USER_PATHS = NO;
				CLANG_ANALYZER_NONNULL = YES;
				CLANG_CXX_LANGUAGE_STANDARD = "gnu++0x";
				CLANG_CXX_LIBRARY = "libc++";
				CLANG_ENABLE_MODULES = YES;
				CLANG_ENABLE_OBJC_ARC = YES;
				CLANG_WARN_BOOL_CONVERSION = YES;
				CLANG_WARN_CONSTANT_CONVERSION = YES;
				CLANG_WARN_DIRECT_OBJC_ISA_USAGE = YES_ERROR;
				CLANG_WARN_EMPTY_BODY = YES;
				CLANG_WARN_ENUM_CONVERSION = YES;
				CLANG_WARN_INT_CONVERSION = YES;
				CLANG_WARN_OBJC_ROOT_CLASS = YES_ERROR;
				CLANG_WARN_UNREACHABLE_CODE = YES;
				CLANG_WARN__DUPLICATE_METHOD_MATCH = YES;
				"CODE_SIGN_IDENTITY[sdk=iphoneos*]" = "iPhone Developer";
				COPY_PHASE_STRIP = NO;
				DEBUG_INFORMATION_FORMAT = dwarf;
				ENABLE_STRICT_OBJC_MSGSEND = YES;
				ENABLE_TESTABILITY = YES;
				GCC_C_LANGUAGE_STANDARD = gnu99;
				GCC_DYNAMIC_NO_PIC = NO;
				GCC_NO_COMMON_BLOCKS = YES;
				GCC_OPTIMIZATION_LEVEL = 0;
				GCC_PREPROCESSOR_DEFINITIONS = (
					"DEBUG=1",
					"$(inherited)",
				);
				GCC_WARN_64_TO_32_BIT_CONVERSION = YES;
				GCC_WARN_ABOUT_RETURN_TYPE = YES_ERROR;
				GCC_WARN_UNDECLARED_SELECTOR = YES;
				GCC_WARN_UNINITIALIZED_AUTOS = YES_AGGRESSIVE;
				GCC_WARN_UNUSED_FUNCTION = YES;
				GCC_WARN_UNUSED_VARIABLE = YES;
				IPHONEOS_DEPLOYMENT_TARGET = 9.3;
				MTL_ENABLE_DEBUG_INFO = YES;
				ONLY_ACTIVE_ARCH = YES;
				SDKROOT = iphoneos;
				SWIFT_OPTIMIZATION_LEVEL = "-Onone";
			};
			name = Debug;
		};
		6950CBEF1D8BFE4D00CE9B41 /* Release */ = {
			isa = XCBuildConfiguration;
			buildSettings = {
				ALWAYS_SEARCH_USER_PATHS = NO;
				CLANG_ANALYZER_NONNULL = YES;
				CLANG_CXX_LANGUAGE_STANDARD = "gnu++0x";
				CLANG_CXX_LIBRARY = "libc++";
				CLANG_ENABLE_MODULES = YES;
				CLANG_ENABLE_OBJC_ARC = YES;
				CLANG_WARN_BOOL_CONVERSION = YES;
				CLANG_WARN_CONSTANT_CONVERSION = YES;
				CLANG_WARN_DIRECT_OBJC_ISA_USAGE = YES_ERROR;
				CLANG_WARN_EMPTY_BODY = YES;
				CLANG_WARN_ENUM_CONVERSION = YES;
				CLANG_WARN_INT_CONVERSION = YES;
				CLANG_WARN_OBJC_ROOT_CLASS = YES_ERROR;
				CLANG_WARN_UNREACHABLE_CODE = YES;
				CLANG_WARN__DUPLICATE_METHOD_MATCH = YES;
				"CODE_SIGN_IDENTITY[sdk=iphoneos*]" = "iPhone Developer";
				COPY_PHASE_STRIP = NO;
				DEBUG_INFORMATION_FORMAT = "dwarf-with-dsym";
				ENABLE_NS_ASSERTIONS = NO;
				ENABLE_STRICT_OBJC_MSGSEND = YES;
				GCC_C_LANGUAGE_STANDARD = gnu99;
				GCC_NO_COMMON_BLOCKS = YES;
				GCC_WARN_64_TO_32_BIT_CONVERSION = YES;
				GCC_WARN_ABOUT_RETURN_TYPE = YES_ERROR;
				GCC_WARN_UNDECLARED_SELECTOR = YES;
				GCC_WARN_UNINITIALIZED_AUTOS = YES_AGGRESSIVE;
				GCC_WARN_UNUSED_FUNCTION = YES;
				GCC_WARN_UNUSED_VARIABLE = YES;
				IPHONEOS_DEPLOYMENT_TARGET = 9.3;
				MTL_ENABLE_DEBUG_INFO = NO;
				SDKROOT = iphoneos;
				VALIDATE_PRODUCT = YES;
			};
			name = Release;
		};
		6950CBF11D8BFE4D00CE9B41 /* Debug */ = {
			isa = XCBuildConfiguration;
			buildSettings = {
				ASSETCATALOG_COMPILER_APPICON_NAME = AppIcon;
				DEVELOPMENT_TEAM = F8NDDH4JZM;
				INFOPLIST_FILE = TODOListInTDD/Info.plist;
				LD_RUNPATH_SEARCH_PATHS = "$(inherited) @executable_path/Frameworks";
				PRODUCT_BUNDLE_IDENTIFIER = EthanChou.TODOListInTDD;
				PRODUCT_NAME = "$(TARGET_NAME)";
				SWIFT_VERSION = 2.3;
			};
			name = Debug;
		};
		6950CBF21D8BFE4D00CE9B41 /* Release */ = {
			isa = XCBuildConfiguration;
			buildSettings = {
				ASSETCATALOG_COMPILER_APPICON_NAME = AppIcon;
				DEVELOPMENT_TEAM = F8NDDH4JZM;
				INFOPLIST_FILE = TODOListInTDD/Info.plist;
				LD_RUNPATH_SEARCH_PATHS = "$(inherited) @executable_path/Frameworks";
				PRODUCT_BUNDLE_IDENTIFIER = EthanChou.TODOListInTDD;
				PRODUCT_NAME = "$(TARGET_NAME)";
				SWIFT_VERSION = 2.3;
			};
			name = Release;
		};
		6950CBF41D8BFE4D00CE9B41 /* Debug */ = {
			isa = XCBuildConfiguration;
			buildSettings = {
				BUNDLE_LOADER = "$(TEST_HOST)";
				INFOPLIST_FILE = TODOListInTDDTests/Info.plist;
				LD_RUNPATH_SEARCH_PATHS = "$(inherited) @executable_path/Frameworks @loader_path/Frameworks";
				PRODUCT_BUNDLE_IDENTIFIER = EthanChou.TODOListInTDDTests;
				PRODUCT_NAME = "$(TARGET_NAME)";
				SWIFT_VERSION = 2.3;
				TEST_HOST = "$(BUILT_PRODUCTS_DIR)/TODOListInTDD.app/TODOListInTDD";
			};
			name = Debug;
		};
		6950CBF51D8BFE4D00CE9B41 /* Release */ = {
			isa = XCBuildConfiguration;
			buildSettings = {
				BUNDLE_LOADER = "$(TEST_HOST)";
				INFOPLIST_FILE = TODOListInTDDTests/Info.plist;
				LD_RUNPATH_SEARCH_PATHS = "$(inherited) @executable_path/Frameworks @loader_path/Frameworks";
				PRODUCT_BUNDLE_IDENTIFIER = EthanChou.TODOListInTDDTests;
				PRODUCT_NAME = "$(TARGET_NAME)";
				SWIFT_VERSION = 2.3;
				TEST_HOST = "$(BUILT_PRODUCTS_DIR)/TODOListInTDD.app/TODOListInTDD";
			};
			name = Release;
		};
		69C544871D93F0CF001C4D5C /* Debug */ = {
			isa = XCBuildConfiguration;
			buildSettings = {
				INFOPLIST_FILE = TODOListInTDDUITests/Info.plist;
				LD_RUNPATH_SEARCH_PATHS = "$(inherited) @executable_path/Frameworks @loader_path/Frameworks";
				PRODUCT_BUNDLE_IDENTIFIER = EthanChou.TODOListInTDDUITests;
				PRODUCT_NAME = "$(TARGET_NAME)";
				SWIFT_VERSION = 2.3;
				TEST_TARGET_NAME = TODOListInTDD;
			};
			name = Debug;
		};
		69C544881D93F0CF001C4D5C /* Release */ = {
			isa = XCBuildConfiguration;
			buildSettings = {
				INFOPLIST_FILE = TODOListInTDDUITests/Info.plist;
				LD_RUNPATH_SEARCH_PATHS = "$(inherited) @executable_path/Frameworks @loader_path/Frameworks";
				PRODUCT_BUNDLE_IDENTIFIER = EthanChou.TODOListInTDDUITests;
				PRODUCT_NAME = "$(TARGET_NAME)";
				SWIFT_VERSION = 2.3;
				TEST_TARGET_NAME = TODOListInTDD;
			};
			name = Release;
		};
/* End XCBuildConfiguration section */

/* Begin XCConfigurationList section */
		6950CBCE1D8BFE4D00CE9B41 /* Build configuration list for PBXProject "TODOListInTDD" */ = {
			isa = XCConfigurationList;
			buildConfigurations = (
				6950CBEE1D8BFE4D00CE9B41 /* Debug */,
				6950CBEF1D8BFE4D00CE9B41 /* Release */,
			);
			defaultConfigurationIsVisible = 0;
			defaultConfigurationName = Release;
		};
		6950CBF01D8BFE4D00CE9B41 /* Build configuration list for PBXNativeTarget "TODOListInTDD" */ = {
			isa = XCConfigurationList;
			buildConfigurations = (
				6950CBF11D8BFE4D00CE9B41 /* Debug */,
				6950CBF21D8BFE4D00CE9B41 /* Release */,
			);
			defaultConfigurationIsVisible = 0;
			defaultConfigurationName = Release;
		};
		6950CBF31D8BFE4D00CE9B41 /* Build configuration list for PBXNativeTarget "TODOListInTDDTests" */ = {
			isa = XCConfigurationList;
			buildConfigurations = (
				6950CBF41D8BFE4D00CE9B41 /* Debug */,
				6950CBF51D8BFE4D00CE9B41 /* Release */,
			);
			defaultConfigurationIsVisible = 0;
			defaultConfigurationName = Release;
		};
		69C544891D93F0CF001C4D5C /* Build configuration list for PBXNativeTarget "TODOListInTDDUITests" */ = {
			isa = XCConfigurationList;
			buildConfigurations = (
				69C544871D93F0CF001C4D5C /* Debug */,
				69C544881D93F0CF001C4D5C /* Release */,
			);
			defaultConfigurationIsVisible = 0;
			defaultConfigurationName = Release;
		};
/* End XCConfigurationList section */
	};
	rootObject = 6950CBCB1D8BFE4D00CE9B41 /* Project object */;
}
